
Microsoft Visual Studio Solution File, Format Version 12.00
# Visual Studio Version 17
VisualStudioVersion = 17.6.33829.357
MinimumVisualStudioVersion = 10.0.40219.1
Project("{9A19103F-16F7-4668-BE54-9A1E7A4F7556}") = "SchoolProject.Data", "SchoolProject.Data\SchoolProject.Data.csproj", "{A59D8430-A757-4477-8090-B3371C714454}"
EndProject
Project("{9A19103F-16F7-4668-BE54-9A1E7A4F7556}") = "SchoolProject.Core", "SchoolProject.Core\SchoolProject.Core.csproj", "{9ADA9C40-345D-4A1D-AE3E-33FCF2FA122D}"
EndProject
Project("{9A19103F-16F7-4668-BE54-9A1E7A4F7556}") = "SchoolProject.Service", "SchoolProject.Service\SchoolProject.Service.csproj", "{68252AC6-2CB4-4F5B-8191-2035E52A31A8}"
EndProject
Project("{9A19103F-16F7-4668-BE54-9A1E7A4F7556}") = "SchoolProject.Infrustructure", "SchoolProject.Infrustructure\SchoolProject.Infrustructure.csproj", "{BB72378B-CF76-4089-8F54-48D767C537D6}"
EndProject
Project("{9A19103F-16F7-4668-BE54-9A1E7A4F7556}") = "SchoolProject.Api", "SchoolProject.Api\SchoolProject.Api.csproj", "{3358CAA7-DF10-4784-8E6F-E3D3CB6B0564}"
EndProject
Project("{FAE04EC0-301F-11D3-BF4B-00C04F79EFBC}") = "SchoolProject.Helper", "SchoolProject.Helper\SchoolProject.Helper.csproj", "{1B7252C2-981F-497C-8202-15A536138514}"
EndProject
Global
	GlobalSection(SolutionConfigurationPlatforms) = preSolution
		Debug|Any CPU = Debug|Any CPU
		Release|Any CPU = Release|Any CPU
	EndGlobalSection
	GlobalSection(ProjectConfigurationPlatforms) = postSolution
		{A59D8430-A757-4477-8090-B3371C714454}.Debug|Any CPU.ActiveCfg = Debug|Any CPU
		{A59D8430-A757-4477-8090-B3371C714454}.Debug|Any CPU.Build.0 = Debug|Any CPU
		{A59D8430-A757-4477-8090-B3371C714454}.Release|Any CPU.ActiveCfg = Release|Any CPU
		{A59D8430-A757-4477-8090-B3371C714454}.Release|Any CPU.Build.0 = Release|Any CPU
		{9ADA9C40-345D-4A1D-AE3E-33FCF2FA122D}.Debug|Any CPU.ActiveCfg = Debug|Any CPU
		{9ADA9C40-345D-4A1D-AE3E-33FCF2FA122D}.Debug|Any CPU.Build.0 = Debug|Any CPU
		{9ADA9C40-345D-4A1D-AE3E-33FCF2FA122D}.Release|Any CPU.ActiveCfg = Release|Any CPU
		{9ADA9C40-345D-4A1D-AE3E-33FCF2FA122D}.Release|Any CPU.Build.0 = Release|Any CPU
		{68252AC6-2CB4-4F5B-8191-2035E52A31A8}.Debug|Any CPU.ActiveCfg = Debug|Any CPU
		{68252AC6-2CB4-4F5B-8191-2035E52A31A8}.Debug|Any CPU.Build.0 = Debug|Any CPU
		{68252AC6-2CB4-4F5B-8191-2035E52A31A8}.Release|Any CPU.ActiveCfg = Release|Any CPU
		{68252AC6-2CB4-4F5B-8191-2035E52A31A8}.Release|Any CPU.Build.0 = Release|Any CPU
		{BB72378B-CF76-4089-8F54-48D767C537D6}.Debug|Any CPU.ActiveCfg = Debug|Any CPU
		{BB72378B-CF76-4089-8F54-48D767C537D6}.Debug|Any CPU.Build.0 = Debug|Any CPU
		{BB72378B-CF76-4089-8F54-48D767C537D6}.Release|Any CPU.ActiveCfg = Release|Any CPU
		{BB72378B-CF76-4089-8F54-48D767C537D6}.Release|Any CPU.Build.0 = Release|Any CPU
		{3358CAA7-DF10-4784-8E6F-E3D3CB6B0564}.Debug|Any CPU.ActiveCfg = Debug|Any CPU
		{3358CAA7-DF10-4784-8E6F-E3D3CB6B0564}.Debug|Any CPU.Build.0 = Debug|Any CPU
		{3358CAA7-DF10-4784-8E6F-E3D3CB6B0564}.Release|Any CPU.ActiveCfg = Release|Any CPU
		{3358CAA7-DF10-4784-8E6F-E3D3CB6B0564}.Release|Any CPU.Build.0 = Release|Any CPU
		{1B7252C2-981F-497C-8202-15A536138514}.Debug|Any CPU.ActiveCfg = Debug|Any CPU
		{1B7252C2-981F-497C-8202-15A536138514}.Debug|Any CPU.Build.0 = Debug|Any CPU
		{1B7252C2-981F-497C-8202-15A536138514}.Release|Any CPU.ActiveCfg = Release|Any CPU
		{1B7252C2-981F-497C-8202-15A536138514}.Release|Any CPU.Build.0 = Release|Any CPU
	EndGlobalSection
	GlobalSection(SolutionProperties) = preSolution
		HideSolutionNode = FALSE
	EndGlobalSection
	GlobalSection(ExtensibilityGlobals) = postSolution
		SolutionGuid = {BD6CD5DB-0219-42ED-A839-B1541AD97A6B}
	EndGlobalSection
EndGlobal
